
Microsoft Visual Studio Solution File, Format Version 12.00
# Visual Studio 15
VisualStudioVersion = 15.0.28307.438
MinimumVisualStudioVersion = 10.0.40219.1
Project("{888888A0-9F3D-457C-B088-3A5042F75D52}") = "k1f_fisc_reg_api_server", "k1f_fisc_reg_api_server\k1f_fisc_reg_api_server.pyproj", "{9A9F1EB0-85FF-4DB7-8186-94C8A289D4D6}"
EndProject
Project("{888888A0-9F3D-457C-B088-3A5042F75D52}") = "k1f-emulate", "k1f-emulate\k1f-emulate.pyproj", "{E4CEB259-EDB7-4855-A874-FA3A10BC67A0}"
EndProject
Project("{888888A0-9F3D-457C-B088-3A5042F75D52}") = "b_tszh", "b_tszh\b_tszh.pyproj", "{6D110943-08CA-4955-A7D1-6D14ED4625E7}"
EndProject
Global
	GlobalSection(SolutionConfigurationPlatforms) = preSolution
		Debug|Any CPU = Debug|Any CPU
		Release|Any CPU = Release|Any CPU
	EndGlobalSection
	GlobalSection(ProjectConfigurationPlatforms) = postSolution
		{9A9F1EB0-85FF-4DB7-8186-94C8A289D4D6}.Debug|Any CPU.ActiveCfg = Debug|Any CPU
		{9A9F1EB0-85FF-4DB7-8186-94C8A289D4D6}.Release|Any CPU.ActiveCfg = Release|Any CPU
		{E4CEB259-EDB7-4855-A874-FA3A10BC67A0}.Debug|Any CPU.ActiveCfg = Debug|Any CPU
		{E4CEB259-EDB7-4855-A874-FA3A10BC67A0}.Release|Any CPU.ActiveCfg = Release|Any CPU
		{6D110943-08CA-4955-A7D1-6D14ED4625E7}.Debug|Any CPU.ActiveCfg = Debug|Any CPU
		{6D110943-08CA-4955-A7D1-6D14ED4625E7}.Release|Any CPU.ActiveCfg = Release|Any CPU
	EndGlobalSection
	GlobalSection(SolutionProperties) = preSolution
		HideSolutionNode = FALSE
	EndGlobalSection
	GlobalSection(ExtensibilityGlobals) = postSolution
		SolutionGuid = {A2A94450-D1D3-40BC-B350-C90CCA7A8E55}
	EndGlobalSection
EndGlobal
